
Microsoft Visual Studio Solution File, Format Version 12.00
# Visual Studio Version 16
VisualStudioVersion = 16.0.33927.289
MinimumVisualStudioVersion = 10.0.40219.1
Project("{2150E333-8FDC-42A3-9474-1A3956D46DE8}") = "Task0", "Task0", "{8C909CC4-0B35-4720-96BF-02ABECD23BE8}"
EndProject
Project("{FAE04EC0-301F-11D3-BF4B-00C04F79EFBC}") = "Tyuiu.KosishnevaAN.Sprint4.Task0.V27", "Tyuiu.KosishnevaAN.Sprint4.Task0.V27\Tyuiu.KosishnevaAN.Sprint4.Task0.V27.csproj", "{BB80E3B8-660B-44D8-8FED-B90207F7039D}"
EndProject
Project("{FAE04EC0-301F-11D3-BF4B-00C04F79EFBC}") = "Tyuiu.KosishnevaAN.Sprint4.Task0.V27.Lib", "Tyuiu.KosishnevaAN.Sprint4.Task0.V27.Lib\Tyuiu.KosishnevaAN.Sprint4.Task0.V27.Lib.csproj", "{F9103E55-9C22-4E1B-BCE2-4173C5C98A25}"
EndProject
Project("{FAE04EC0-301F-11D3-BF4B-00C04F79EFBC}") = "Tyuiu.KosishnevaAN.Sprint4.Task0.V27.Test", "Tyuiu.KosishnevaAN.Sprint4.Task0.V27.Test\Tyuiu.KosishnevaAN.Sprint4.Task0.V27.Test.csproj", "{6679E13D-385B-44AA-BB4F-160BA72AE1AB}"
EndProject
Project("{2150E333-8FDC-42A3-9474-1A3956D46DE8}") = "Task1", "Task1", "{D4A908AB-86B3-4864-8268-55808BFEAC26}"
EndProject
Project("{FAE04EC0-301F-11D3-BF4B-00C04F79EFBC}") = "Tyuiu.KosishnevaAN.Sprint4.Task1.V2", "Tyuiu.KosishnevaAN.Sprint4.Task1.V2\Tyuiu.KosishnevaAN.Sprint4.Task1.V2.csproj", "{524F35F3-EFF6-443D-9924-2DA3A2A6148D}"
EndProject
Project("{FAE04EC0-301F-11D3-BF4B-00C04F79EFBC}") = "Tyuiu.KosishnevaAN.Sprint4.Task1.V2.Lib", "Tyuiu.KosishnevaAN.Sprint4.Task1.V2.Lib\Tyuiu.KosishnevaAN.Sprint4.Task1.V2.Lib.csproj", "{E8416389-D430-4B92-A911-7C9274761FA7}"
EndProject
Project("{FAE04EC0-301F-11D3-BF4B-00C04F79EFBC}") = "Tyuiu.KosishnevaAN.Sprint4.Task1.V2.Test", "Tyuiu.KosishnevaAN.Sprint4.Task1.V2.Test\Tyuiu.KosishnevaAN.Sprint4.Task1.V2.Test.csproj", "{77CC0A86-6766-4919-B278-9F4832855996}"
EndProject
Project("{2150E333-8FDC-42A3-9474-1A3956D46DE8}") = "Task2", "Task2", "{A5EE9CA1-0D32-4CFA-A23D-1036D865AE7E}"
EndProject
Project("{FAE04EC0-301F-11D3-BF4B-00C04F79EFBC}") = "Tyuiu.KosishnevaAN.Sprint4.Task2.V27.Test", "Tyuiu.KosishnevaAN.Sprint4.Task2.V27.Test\Tyuiu.KosishnevaAN.Sprint4.Task2.V27.Test.csproj", "{D9FC676E-C42E-4C64-95FD-72F62B86B987}"
EndProject
Project("{FAE04EC0-301F-11D3-BF4B-00C04F79EFBC}") = "Tyuiu.KosishnevaAN.Sprint4.Task2.V27", "Tyuiu.KosishnevaAN.Sprint4.Task2.V27\Tyuiu.KosishnevaAN.Sprint4.Task2.V27.csproj", "{19C5823E-484B-4A1F-800A-F6FE0BC3AA41}"
EndProject
Project("{FAE04EC0-301F-11D3-BF4B-00C04F79EFBC}") = "Tyuiu.KosishnevaAN.Sprint4.Task2.V27.Lib", "Tyuiu.KosishnevaAN.Sprint4.Task2.V27.Lib\Tyuiu.KosishnevaAN.Sprint4.Task2.V27.Lib.csproj", "{BDD76C17-6E1B-46AA-8BE4-42734F0BD303}"
EndProject
Project("{2150E333-8FDC-42A3-9474-1A3956D46DE8}") = "Task3", "Task3", "{4DC07282-F320-4091-8ED4-CB98A785F04A}"
EndProject
Project("{FAE04EC0-301F-11D3-BF4B-00C04F79EFBC}") = "Tyuiu.KosishnevaAN.Sprint4.Task3.V20", "Tyuiu.KosishnevaAN.Sprint4.Task3.V20\Tyuiu.KosishnevaAN.Sprint4.Task3.V20.csproj", "{7F5CC2CA-58E4-4C38-B1EB-5B21576BE52E}"
EndProject
Project("{FAE04EC0-301F-11D3-BF4B-00C04F79EFBC}") = "Tyuiu.KosishnevaAN.Sprint4.Task3.V20.Lib", "Tyuiu.KosishnevaAN.Sprint4.Task3.V20.Lib\Tyuiu.KosishnevaAN.Sprint4.Task3.V20.Lib.csproj", "{CBB6A845-D616-4BEC-8713-DE260285E54D}"
EndProject
Project("{FAE04EC0-301F-11D3-BF4B-00C04F79EFBC}") = "Tyuiu.KosishnevaAN.Sprint4.Task3.V20.Test", "Tyuiu.KosishnevaAN.Sprint4.Task3.V20.Test\Tyuiu.KosishnevaAN.Sprint4.Task3.V20.Test.csproj", "{BCA3A09F-CD9F-4563-B015-EA4D4C7972FE}"
EndProject
Project("{2150E333-8FDC-42A3-9474-1A3956D46DE8}") = "Task4", "Task4", "{94C41C14-4977-4EE1-A7CC-C0BE479391A5}"
EndProject
Project("{FAE04EC0-301F-11D3-BF4B-00C04F79EFBC}") = "Tyuiu.KosishnevaAN.Sprint4.Task4.V4", "Tyuiu.KosishnevaAN.Sprint4.Task4.V4\Tyuiu.KosishnevaAN.Sprint4.Task4.V4.csproj", "{2BBFAC77-91B8-4157-A0A5-6C498DA31232}"
EndProject
Project("{FAE04EC0-301F-11D3-BF4B-00C04F79EFBC}") = "Tyuiu.KosishnevaAN.Sprint4.Task4.V4.Lib", "Tyuiu.KosishnevaAN.Sprint4.Task4.V4.Lib\Tyuiu.KosishnevaAN.Sprint4.Task4.V4.Lib.csproj", "{54F461FE-9B0C-4D29-9E39-438F8A7A35AA}"
EndProject
Project("{FAE04EC0-301F-11D3-BF4B-00C04F79EFBC}") = "Tyuiu.KosishnevaAN.Sprint4.Task4.V4.Test", "Tyuiu.KosishnevaAN.Sprint4.Task4.V4.Test\Tyuiu.KosishnevaAN.Sprint4.Task4.V4.Test.csproj", "{13D882AB-007B-4C4F-AA38-F6DD12626646}"
EndProject
Global
	GlobalSection(SolutionConfigurationPlatforms) = preSolution
		Debug|Any CPU = Debug|Any CPU
		Release|Any CPU = Release|Any CPU
	EndGlobalSection
	GlobalSection(ProjectConfigurationPlatforms) = postSolution
		{BB80E3B8-660B-44D8-8FED-B90207F7039D}.Debug|Any CPU.ActiveCfg = Debug|Any CPU
		{BB80E3B8-660B-44D8-8FED-B90207F7039D}.Debug|Any CPU.Build.0 = Debug|Any CPU
		{BB80E3B8-660B-44D8-8FED-B90207F7039D}.Release|Any CPU.ActiveCfg = Release|Any CPU
		{BB80E3B8-660B-44D8-8FED-B90207F7039D}.Release|Any CPU.Build.0 = Release|Any CPU
		{F9103E55-9C22-4E1B-BCE2-4173C5C98A25}.Debug|Any CPU.ActiveCfg = Debug|Any CPU
		{F9103E55-9C22-4E1B-BCE2-4173C5C98A25}.Debug|Any CPU.Build.0 = Debug|Any CPU
		{F9103E55-9C22-4E1B-BCE2-4173C5C98A25}.Release|Any CPU.ActiveCfg = Release|Any CPU
		{F9103E55-9C22-4E1B-BCE2-4173C5C98A25}.Release|Any CPU.Build.0 = Release|Any CPU
		{6679E13D-385B-44AA-BB4F-160BA72AE1AB}.Debug|Any CPU.ActiveCfg = Debug|Any CPU
		{6679E13D-385B-44AA-BB4F-160BA72AE1AB}.Debug|Any CPU.Build.0 = Debug|Any CPU
		{6679E13D-385B-44AA-BB4F-160BA72AE1AB}.Release|Any CPU.ActiveCfg = Release|Any CPU
		{6679E13D-385B-44AA-BB4F-160BA72AE1AB}.Release|Any CPU.Build.0 = Release|Any CPU
		{524F35F3-EFF6-443D-9924-2DA3A2A6148D}.Debug|Any CPU.ActiveCfg = Debug|Any CPU
		{524F35F3-EFF6-443D-9924-2DA3A2A6148D}.Debug|Any CPU.Build.0 = Debug|Any CPU
		{524F35F3-EFF6-443D-9924-2DA3A2A6148D}.Release|Any CPU.ActiveCfg = Release|Any CPU
		{524F35F3-EFF6-443D-9924-2DA3A2A6148D}.Release|Any CPU.Build.0 = Release|Any CPU
		{E8416389-D430-4B92-A911-7C9274761FA7}.Debug|Any CPU.ActiveCfg = Debug|Any CPU
		{E8416389-D430-4B92-A911-7C9274761FA7}.Debug|Any CPU.Build.0 = Debug|Any CPU
		{E8416389-D430-4B92-A911-7C9274761FA7}.Release|Any CPU.ActiveCfg = Release|Any CPU
		{E8416389-D430-4B92-A911-7C9274761FA7}.Release|Any CPU.Build.0 = Release|Any CPU
		{77CC0A86-6766-4919-B278-9F4832855996}.Debug|Any CPU.ActiveCfg = Debug|Any CPU
		{77CC0A86-6766-4919-B278-9F4832855996}.Debug|Any CPU.Build.0 = Debug|Any CPU
		{77CC0A86-6766-4919-B278-9F4832855996}.Release|Any CPU.ActiveCfg = Release|Any CPU
		{77CC0A86-6766-4919-B278-9F4832855996}.Release|Any CPU.Build.0 = Release|Any CPU
		{D9FC676E-C42E-4C64-95FD-72F62B86B987}.Debug|Any CPU.ActiveCfg = Debug|Any CPU
		{D9FC676E-C42E-4C64-95FD-72F62B86B987}.Debug|Any CPU.Build.0 = Debug|Any CPU
		{D9FC676E-C42E-4C64-95FD-72F62B86B987}.Release|Any CPU.ActiveCfg = Release|Any CPU
		{D9FC676E-C42E-4C64-95FD-72F62B86B987}.Release|Any CPU.Build.0 = Release|Any CPU
		{19C5823E-484B-4A1F-800A-F6FE0BC3AA41}.Debug|Any CPU.ActiveCfg = Debug|Any CPU
		{19C5823E-484B-4A1F-800A-F6FE0BC3AA41}.Debug|Any CPU.Build.0 = Debug|Any CPU
		{19C5823E-484B-4A1F-800A-F6FE0BC3AA41}.Release|Any CPU.ActiveCfg = Release|Any CPU
		{19C5823E-484B-4A1F-800A-F6FE0BC3AA41}.Release|Any CPU.Build.0 = Release|Any CPU
		{BDD76C17-6E1B-46AA-8BE4-42734F0BD303}.Debug|Any CPU.ActiveCfg = Debug|Any CPU
		{BDD76C17-6E1B-46AA-8BE4-42734F0BD303}.Debug|Any CPU.Build.0 = Debug|Any CPU
		{BDD76C17-6E1B-46AA-8BE4-42734F0BD303}.Release|Any CPU.ActiveCfg = Release|Any CPU
		{BDD76C17-6E1B-46AA-8BE4-42734F0BD303}.Release|Any CPU.Build.0 = Release|Any CPU
		{7F5CC2CA-58E4-4C38-B1EB-5B21576BE52E}.Debug|Any CPU.ActiveCfg = Debug|Any CPU
		{7F5CC2CA-58E4-4C38-B1EB-5B21576BE52E}.Debug|Any CPU.Build.0 = Debug|Any CPU
		{7F5CC2CA-58E4-4C38-B1EB-5B21576BE52E}.Release|Any CPU.ActiveCfg = Release|Any CPU
		{7F5CC2CA-58E4-4C38-B1EB-5B21576BE52E}.Release|Any CPU.Build.0 = Release|Any CPU
		{CBB6A845-D616-4BEC-8713-DE260285E54D}.Debug|Any CPU.ActiveCfg = Debug|Any CPU
		{CBB6A845-D616-4BEC-8713-DE260285E54D}.Debug|Any CPU.Build.0 = Debug|Any CPU
		{CBB6A845-D616-4BEC-8713-DE260285E54D}.Release|Any CPU.ActiveCfg = Release|Any CPU
		{CBB6A845-D616-4BEC-8713-DE260285E54D}.Release|Any CPU.Build.0 = Release|Any CPU
		{BCA3A09F-CD9F-4563-B015-EA4D4C7972FE}.Debug|Any CPU.ActiveCfg = Debug|Any CPU
		{BCA3A09F-CD9F-4563-B015-EA4D4C7972FE}.Debug|Any CPU.Build.0 = Debug|Any CPU
		{BCA3A09F-CD9F-4563-B015-EA4D4C7972FE}.Release|Any CPU.ActiveCfg = Release|Any CPU
		{BCA3A09F-CD9F-4563-B015-EA4D4C7972FE}.Release|Any CPU.Build.0 = Release|Any CPU
		{2BBFAC77-91B8-4157-A0A5-6C498DA31232}.Debug|Any CPU.ActiveCfg = Debug|Any CPU
		{2BBFAC77-91B8-4157-A0A5-6C498DA31232}.Debug|Any CPU.Build.0 = Debug|Any CPU
		{2BBFAC77-91B8-4157-A0A5-6C498DA31232}.Release|Any CPU.ActiveCfg = Release|Any CPU
		{2BBFAC77-91B8-4157-A0A5-6C498DA31232}.Release|Any CPU.Build.0 = Release|Any CPU
		{54F461FE-9B0C-4D29-9E39-438F8A7A35AA}.Debug|Any CPU.ActiveCfg = Debug|Any CPU
		{54F461FE-9B0C-4D29-9E39-438F8A7A35AA}.Debug|Any CPU.Build.0 = Debug|Any CPU
		{54F461FE-9B0C-4D29-9E39-438F8A7A35AA}.Release|Any CPU.ActiveCfg = Release|Any CPU
		{54F461FE-9B0C-4D29-9E39-438F8A7A35AA}.Release|Any CPU.Build.0 = Release|Any CPU
		{13D882AB-007B-4C4F-AA38-F6DD12626646}.Debug|Any CPU.ActiveCfg = Debug|Any CPU
		{13D882AB-007B-4C4F-AA38-F6DD12626646}.Debug|Any CPU.Build.0 = Debug|Any CPU
		{13D882AB-007B-4C4F-AA38-F6DD12626646}.Release|Any CPU.ActiveCfg = Release|Any CPU
		{13D882AB-007B-4C4F-AA38-F6DD12626646}.Release|Any CPU.Build.0 = Release|Any CPU
	EndGlobalSection
	GlobalSection(SolutionProperties) = preSolution
		HideSolutionNode = FALSE
	EndGlobalSection
	GlobalSection(NestedProjects) = preSolution
		{BB80E3B8-660B-44D8-8FED-B90207F7039D} = {8C909CC4-0B35-4720-96BF-02ABECD23BE8}
		{F9103E55-9C22-4E1B-BCE2-4173C5C98A25} = {8C909CC4-0B35-4720-96BF-02ABECD23BE8}
		{6679E13D-385B-44AA-BB4F-160BA72AE1AB} = {8C909CC4-0B35-4720-96BF-02ABECD23BE8}
		{524F35F3-EFF6-443D-9924-2DA3A2A6148D} = {D4A908AB-86B3-4864-8268-55808BFEAC26}
		{E8416389-D430-4B92-A911-7C9274761FA7} = {D4A908AB-86B3-4864-8268-55808BFEAC26}
		{77CC0A86-6766-4919-B278-9F4832855996} = {D4A908AB-86B3-4864-8268-55808BFEAC26}
		{D9FC676E-C42E-4C64-95FD-72F62B86B987} = {A5EE9CA1-0D32-4CFA-A23D-1036D865AE7E}
		{19C5823E-484B-4A1F-800A-F6FE0BC3AA41} = {A5EE9CA1-0D32-4CFA-A23D-1036D865AE7E}
		{BDD76C17-6E1B-46AA-8BE4-42734F0BD303} = {A5EE9CA1-0D32-4CFA-A23D-1036D865AE7E}
		{7F5CC2CA-58E4-4C38-B1EB-5B21576BE52E} = {4DC07282-F320-4091-8ED4-CB98A785F04A}
		{CBB6A845-D616-4BEC-8713-DE260285E54D} = {4DC07282-F320-4091-8ED4-CB98A785F04A}
		{BCA3A09F-CD9F-4563-B015-EA4D4C7972FE} = {4DC07282-F320-4091-8ED4-CB98A785F04A}
		{2BBFAC77-91B8-4157-A0A5-6C498DA31232} = {94C41C14-4977-4EE1-A7CC-C0BE479391A5}
		{54F461FE-9B0C-4D29-9E39-438F8A7A35AA} = {94C41C14-4977-4EE1-A7CC-C0BE479391A5}
		{13D882AB-007B-4C4F-AA38-F6DD12626646} = {94C41C14-4977-4EE1-A7CC-C0BE479391A5}
	EndGlobalSection
	GlobalSection(ExtensibilityGlobals) = postSolution
		SolutionGuid = {BE274871-61CF-4D99-817B-57D62BE248CC}
	EndGlobalSection
EndGlobal
